
Microsoft Visual Studio Solution File, Format Version 12.00
# Visual Studio 15
VisualStudioVersion = 15.6.27428.2037
MinimumVisualStudioVersion = 10.0.40219.1
Project("{FAE04EC0-301F-11D3-BF4B-00C04F79EFBC}") = "FingerTracking", "FingerTracking\FingerTracking.csproj", "{13A45C13-3265-47B8-BC48-A553B569DF55}"
	ProjectSection(ProjectDependencies) = postProject
		{7FCDD808-C33B-4439-A5EA-2640AAEBE33B} = {7FCDD808-C33B-4439-A5EA-2640AAEBE33B}
		{8D28B5D2-A676-4BF0-926B-66E3ECE6E1F8} = {8D28B5D2-A676-4BF0-926B-66E3ECE6E1F8}
		{1A395F38-1B2A-4605-80D7-8A25D9B21C2C} = {1A395F38-1B2A-4605-80D7-8A25D9B21C2C}
		{1DA9382B-7604-4A84-8C2D-1B5C0AB418C8} = {1DA9382B-7604-4A84-8C2D-1B5C0AB418C8}
		{ECA693C9-8898-487E-9202-E704E23E8D9C} = {ECA693C9-8898-487E-9202-E704E23E8D9C}
		{73086AC0-854C-44BA-90C0-CB7406CCD6E5} = {73086AC0-854C-44BA-90C0-CB7406CCD6E5}
		{824B0C8C-690A-446F-9D15-30942FD05616} = {824B0C8C-690A-446F-9D15-30942FD05616}
		{F814CDEA-FF79-4621-A579-A49482C060EA} = {F814CDEA-FF79-4621-A579-A49482C060EA}
		{AB550EC7-CA00-4B36-86FE-91A12F0339A1} = {AB550EC7-CA00-4B36-86FE-91A12F0339A1}
		{6B276EE8-DFC8-48FF-B7E7-B5D5F6355370} = {6B276EE8-DFC8-48FF-B7E7-B5D5F6355370}
		{50286C9B-8DE4-4DFD-9B02-8E499E7F72DB} = {50286C9B-8DE4-4DFD-9B02-8E499E7F72DB}
		{9820FEBC-F7E2-4F18-80E2-3A97C67F3E70} = {9820FEBC-F7E2-4F18-80E2-3A97C67F3E70}
		{69A3DC62-DBA0-458B-A800-1387AD9B5DB4} = {69A3DC62-DBA0-458B-A800-1387AD9B5DB4}
		{28EABAA0-5BC0-4DE4-A748-6A96F819AE3C} = {28EABAA0-5BC0-4DE4-A748-6A96F819AE3C}
		{BF78125F-0BAE-455F-B3A0-8B03DE8D9033} = {BF78125F-0BAE-455F-B3A0-8B03DE8D9033}
	EndProjectSection
EndProject
Project("{FAE04EC0-301F-11D3-BF4B-00C04F79EFBC}") = "Microsoft.MixedReality.Toolkit.Providers.OpenVR", "Y:\Codes\MidAirTyping\FingerTracking\App\GeneratedProjects\UWP\Microsoft.MixedReality.Toolkit.Providers.OpenVR\Microsoft.MixedReality.Toolkit.Providers.OpenVR.csproj", "{7FCDD808-C33B-4439-A5EA-2640AAEBE33B}"
EndProject
Project("{FAE04EC0-301F-11D3-BF4B-00C04F79EFBC}") = "Microsoft.MixedReality.Toolkit", "Y:\Codes\MidAirTyping\FingerTracking\App\GeneratedProjects\UWP\Microsoft.MixedReality.Toolkit\Microsoft.MixedReality.Toolkit.csproj", "{8D28B5D2-A676-4BF0-926B-66E3ECE6E1F8}"
EndProject
Project("{FAE04EC0-301F-11D3-BF4B-00C04F79EFBC}") = "Microsoft.MixedReality.Toolkit.SDK", "Y:\Codes\MidAirTyping\FingerTracking\App\GeneratedProjects\UWP\Microsoft.MixedReality.Toolkit.SDK\Microsoft.MixedReality.Toolkit.SDK.csproj", "{1A395F38-1B2A-4605-80D7-8A25D9B21C2C}"
EndProject
Project("{FAE04EC0-301F-11D3-BF4B-00C04F79EFBC}") = "Microsoft.MixedReality.Toolkit.Services.SpatialAwarenessSystem", "Y:\Codes\MidAirTyping\FingerTracking\App\GeneratedProjects\UWP\Microsoft.MixedReality.Toolkit.Services.SpatialAwarenessSystem\Microsoft.MixedReality.Toolkit.Services.SpatialAwarenessSystem.csproj", "{1DA9382B-7604-4A84-8C2D-1B5C0AB418C8}"
EndProject
Project("{FAE04EC0-301F-11D3-BF4B-00C04F79EFBC}") = "Unity.TextMeshPro", "Y:\Codes\MidAirTyping\FingerTracking\App\GeneratedProjects\UWP\Unity.TextMeshPro\Unity.TextMeshPro.csproj", "{ECA693C9-8898-487E-9202-E704E23E8D9C}"
EndProject
Project("{FAE04EC0-301F-11D3-BF4B-00C04F79EFBC}") = "Microsoft.MixedReality.Toolkit.Utilities.Gltf", "Y:\Codes\MidAirTyping\FingerTracking\App\GeneratedProjects\UWP\Microsoft.MixedReality.Toolkit.Utilities.Gltf\Microsoft.MixedReality.Toolkit.Utilities.Gltf.csproj", "{73086AC0-854C-44BA-90C0-CB7406CCD6E5}"
EndProject
Project("{FAE04EC0-301F-11D3-BF4B-00C04F79EFBC}") = "Unity.Analytics.DataPrivacy", "Y:\Codes\MidAirTyping\FingerTracking\App\GeneratedProjects\UWP\Unity.Analytics.DataPrivacy\Unity.Analytics.DataPrivacy.csproj", "{824B0C8C-690A-446F-9D15-30942FD05616}"
EndProject
Project("{FAE04EC0-301F-11D3-BF4B-00C04F79EFBC}") = "Microsoft.MixedReality.Toolkit.Services.InputSystem", "Y:\Codes\MidAirTyping\FingerTracking\App\GeneratedProjects\UWP\Microsoft.MixedReality.Toolkit.Services.InputSystem\Microsoft.MixedReality.Toolkit.Services.InputSystem.csproj", "{F814CDEA-FF79-4621-A579-A49482C060EA}"
EndProject
Project("{FAE04EC0-301F-11D3-BF4B-00C04F79EFBC}") = "Unity.XR.WindowsMR", "Y:\Codes\MidAirTyping\FingerTracking\App\GeneratedProjects\UWP\Unity.XR.WindowsMR\Unity.XR.WindowsMR.csproj", "{AB550EC7-CA00-4B36-86FE-91A12F0339A1}"
EndProject
Project("{FAE04EC0-301F-11D3-BF4B-00C04F79EFBC}") = "Microsoft.MixedReality.Toolkit.Services.DiagnosticsSystem", "Y:\Codes\MidAirTyping\FingerTracking\App\GeneratedProjects\UWP\Microsoft.MixedReality.Toolkit.Services.DiagnosticsSystem\Microsoft.MixedReality.Toolkit.Services.DiagnosticsSystem.csproj", "{6B276EE8-DFC8-48FF-B7E7-B5D5F6355370}"
EndProject
Project("{FAE04EC0-301F-11D3-BF4B-00C04F79EFBC}") = "Microsoft.MixedReality.Toolkit.Core.Utilities.Async", "Y:\Codes\MidAirTyping\FingerTracking\App\GeneratedProjects\UWP\Microsoft.MixedReality.Toolkit.Core.Utilities.Async\Microsoft.MixedReality.Toolkit.Core.Utilities.Async.csproj", "{50286C9B-8DE4-4DFD-9B02-8E499E7F72DB}"
EndProject
Project("{FAE04EC0-301F-11D3-BF4B-00C04F79EFBC}") = "Microsoft.MixedReality.Toolkit.Providers.WindowsMixedReality", "Y:\Codes\MidAirTyping\FingerTracking\App\GeneratedProjects\UWP\Microsoft.MixedReality.Toolkit.Providers.WindowsMixedReality\Microsoft.MixedReality.Toolkit.Providers.WindowsMixedReality.csproj", "{9820FEBC-F7E2-4F18-80E2-3A97C67F3E70}"
EndProject
Project("{FAE04EC0-301F-11D3-BF4B-00C04F79EFBC}") = "Microsoft.MixedReality.Toolkit.Providers.WindowsVoiceInput", "Y:\Codes\MidAirTyping\FingerTracking\App\GeneratedProjects\UWP\Microsoft.MixedReality.Toolkit.Providers.WindowsVoiceInput\Microsoft.MixedReality.Toolkit.Providers.WindowsVoiceInput.csproj", "{69A3DC62-DBA0-458B-A800-1387AD9B5DB4}"
EndProject
Project("{FAE04EC0-301F-11D3-BF4B-00C04F79EFBC}") = "Microsoft.MixedReality.Toolkit.Services.TeleportSystem", "Y:\Codes\MidAirTyping\FingerTracking\App\GeneratedProjects\UWP\Microsoft.MixedReality.Toolkit.Services.TeleportSystem\Microsoft.MixedReality.Toolkit.Services.TeleportSystem.csproj", "{28EABAA0-5BC0-4DE4-A748-6A96F819AE3C}"
EndProject
Project("{FAE04EC0-301F-11D3-BF4B-00C04F79EFBC}") = "Microsoft.MixedReality.Toolkit.Services.BoundarySystem", "Y:\Codes\MidAirTyping\FingerTracking\App\GeneratedProjects\UWP\Microsoft.MixedReality.Toolkit.Services.BoundarySystem\Microsoft.MixedReality.Toolkit.Services.BoundarySystem.csproj", "{BF78125F-0BAE-455F-B3A0-8B03DE8D9033}"
EndProject
Global
	GlobalSection(SolutionConfigurationPlatforms) = preSolution
		Debug|ARM = Debug|ARM
		Debug|x64 = Debug|x64
		Debug|x86 = Debug|x86
		Master|ARM = Master|ARM
		Master|x64 = Master|x64
		Master|x86 = Master|x86
		Release|ARM = Release|ARM
		Release|x64 = Release|x64
		Release|x86 = Release|x86
	EndGlobalSection
	GlobalSection(ProjectConfigurationPlatforms) = postSolution
		{13A45C13-3265-47B8-BC48-A553B569DF55}.Debug|ARM.ActiveCfg = Debug|ARM
		{13A45C13-3265-47B8-BC48-A553B569DF55}.Debug|ARM.Build.0 = Debug|ARM
		{13A45C13-3265-47B8-BC48-A553B569DF55}.Debug|ARM.Deploy.0 = Debug|ARM
		{13A45C13-3265-47B8-BC48-A553B569DF55}.Debug|x64.ActiveCfg = Debug|x64
		{13A45C13-3265-47B8-BC48-A553B569DF55}.Debug|x64.Build.0 = Debug|x64
		{13A45C13-3265-47B8-BC48-A553B569DF55}.Debug|x64.Deploy.0 = Debug|x64
		{13A45C13-3265-47B8-BC48-A553B569DF55}.Debug|x86.ActiveCfg = Debug|x86
		{13A45C13-3265-47B8-BC48-A553B569DF55}.Debug|x86.Build.0 = Debug|x86
		{13A45C13-3265-47B8-BC48-A553B569DF55}.Debug|x86.Deploy.0 = Debug|x86
		{13A45C13-3265-47B8-BC48-A553B569DF55}.Master|ARM.ActiveCfg = Master|ARM
		{13A45C13-3265-47B8-BC48-A553B569DF55}.Master|ARM.Build.0 = Master|ARM
		{13A45C13-3265-47B8-BC48-A553B569DF55}.Master|ARM.Deploy.0 = Master|ARM
		{13A45C13-3265-47B8-BC48-A553B569DF55}.Master|x64.ActiveCfg = Master|x64
		{13A45C13-3265-47B8-BC48-A553B569DF55}.Master|x64.Build.0 = Master|x64
		{13A45C13-3265-47B8-BC48-A553B569DF55}.Master|x64.Deploy.0 = Master|x64
		{13A45C13-3265-47B8-BC48-A553B569DF55}.Master|x86.ActiveCfg = Master|x86
		{13A45C13-3265-47B8-BC48-A553B569DF55}.Master|x86.Build.0 = Master|x86
		{13A45C13-3265-47B8-BC48-A553B569DF55}.Master|x86.Deploy.0 = Master|x86
		{13A45C13-3265-47B8-BC48-A553B569DF55}.Release|ARM.ActiveCfg = Release|ARM
		{13A45C13-3265-47B8-BC48-A553B569DF55}.Release|ARM.Build.0 = Release|ARM
		{13A45C13-3265-47B8-BC48-A553B569DF55}.Release|ARM.Deploy.0 = Release|ARM
		{13A45C13-3265-47B8-BC48-A553B569DF55}.Release|x64.ActiveCfg = Release|x64
		{13A45C13-3265-47B8-BC48-A553B569DF55}.Release|x64.Build.0 = Release|x64
		{13A45C13-3265-47B8-BC48-A553B569DF55}.Release|x64.Deploy.0 = Release|x64
		{13A45C13-3265-47B8-BC48-A553B569DF55}.Release|x86.ActiveCfg = Release|x86
		{13A45C13-3265-47B8-BC48-A553B569DF55}.Release|x86.Build.0 = Release|x86
		{13A45C13-3265-47B8-BC48-A553B569DF55}.Release|x86.Deploy.0 = Release|x86
		{7FCDD808-C33B-4439-A5EA-2640AAEBE33B}.Debug|ARM.ActiveCfg = Debug|ARM
		{7FCDD808-C33B-4439-A5EA-2640AAEBE33B}.Debug|ARM.Build.0 = Debug|ARM
		{7FCDD808-C33B-4439-A5EA-2640AAEBE33B}.Debug|x64.ActiveCfg = Debug|x64
		{7FCDD808-C33B-4439-A5EA-2640AAEBE33B}.Debug|x64.Build.0 = Debug|x64
		{7FCDD808-C33B-4439-A5EA-2640AAEBE33B}.Debug|x86.ActiveCfg = Debug|x86
		{7FCDD808-C33B-4439-A5EA-2640AAEBE33B}.Debug|x86.Build.0 = Debug|x86
		{7FCDD808-C33B-4439-A5EA-2640AAEBE33B}.Master|ARM.ActiveCfg = Master|ARM
		{7FCDD808-C33B-4439-A5EA-2640AAEBE33B}.Master|ARM.Build.0 = Master|ARM
		{7FCDD808-C33B-4439-A5EA-2640AAEBE33B}.Master|x64.ActiveCfg = Master|x64
		{7FCDD808-C33B-4439-A5EA-2640AAEBE33B}.Master|x64.Build.0 = Master|x64
		{7FCDD808-C33B-4439-A5EA-2640AAEBE33B}.Master|x86.ActiveCfg = Master|x86
		{7FCDD808-C33B-4439-A5EA-2640AAEBE33B}.Master|x86.Build.0 = Master|x86
		{7FCDD808-C33B-4439-A5EA-2640AAEBE33B}.Release|ARM.ActiveCfg = Release|ARM
		{7FCDD808-C33B-4439-A5EA-2640AAEBE33B}.Release|ARM.Build.0 = Release|ARM
		{7FCDD808-C33B-4439-A5EA-2640AAEBE33B}.Release|x64.ActiveCfg = Release|x64
		{7FCDD808-C33B-4439-A5EA-2640AAEBE33B}.Release|x64.Build.0 = Release|x64
		{7FCDD808-C33B-4439-A5EA-2640AAEBE33B}.Release|x86.ActiveCfg = Release|x86
		{7FCDD808-C33B-4439-A5EA-2640AAEBE33B}.Release|x86.Build.0 = Release|x86
		{8D28B5D2-A676-4BF0-926B-66E3ECE6E1F8}.Debug|ARM.ActiveCfg = Debug|ARM
		{8D28B5D2-A676-4BF0-926B-66E3ECE6E1F8}.Debug|ARM.Build.0 = Debug|ARM
		{8D28B5D2-A676-4BF0-926B-66E3ECE6E1F8}.Debug|x64.ActiveCfg = Debug|x64
		{8D28B5D2-A676-4BF0-926B-66E3ECE6E1F8}.Debug|x64.Build.0 = Debug|x64
		{8D28B5D2-A676-4BF0-926B-66E3ECE6E1F8}.Debug|x86.ActiveCfg = Debug|x86
		{8D28B5D2-A676-4BF0-926B-66E3ECE6E1F8}.Debug|x86.Build.0 = Debug|x86
		{8D28B5D2-A676-4BF0-926B-66E3ECE6E1F8}.Master|ARM.ActiveCfg = Master|ARM
		{8D28B5D2-A676-4BF0-926B-66E3ECE6E1F8}.Master|ARM.Build.0 = Master|ARM
		{8D28B5D2-A676-4BF0-926B-66E3ECE6E1F8}.Master|x64.ActiveCfg = Master|x64
		{8D28B5D2-A676-4BF0-926B-66E3ECE6E1F8}.Master|x64.Build.0 = Master|x64
		{8D28B5D2-A676-4BF0-926B-66E3ECE6E1F8}.Master|x86.ActiveCfg = Master|x86
		{8D28B5D2-A676-4BF0-926B-66E3ECE6E1F8}.Master|x86.Build.0 = Master|x86
		{8D28B5D2-A676-4BF0-926B-66E3ECE6E1F8}.Release|ARM.ActiveCfg = Release|ARM
		{8D28B5D2-A676-4BF0-926B-66E3ECE6E1F8}.Release|ARM.Build.0 = Release|ARM
		{8D28B5D2-A676-4BF0-926B-66E3ECE6E1F8}.Release|x64.ActiveCfg = Release|x64
		{8D28B5D2-A676-4BF0-926B-66E3ECE6E1F8}.Release|x64.Build.0 = Release|x64
		{8D28B5D2-A676-4BF0-926B-66E3ECE6E1F8}.Release|x86.ActiveCfg = Release|x86
		{8D28B5D2-A676-4BF0-926B-66E3ECE6E1F8}.Release|x86.Build.0 = Release|x86
		{1A395F38-1B2A-4605-80D7-8A25D9B21C2C}.Debug|ARM.ActiveCfg = Debug|ARM
		{1A395F38-1B2A-4605-80D7-8A25D9B21C2C}.Debug|ARM.Build.0 = Debug|ARM
		{1A395F38-1B2A-4605-80D7-8A25D9B21C2C}.Debug|x64.ActiveCfg = Debug|x64
		{1A395F38-1B2A-4605-80D7-8A25D9B21C2C}.Debug|x64.Build.0 = Debug|x64
		{1A395F38-1B2A-4605-80D7-8A25D9B21C2C}.Debug|x86.ActiveCfg = Debug|x86
		{1A395F38-1B2A-4605-80D7-8A25D9B21C2C}.Debug|x86.Build.0 = Debug|x86
		{1A395F38-1B2A-4605-80D7-8A25D9B21C2C}.Master|ARM.ActiveCfg = Master|ARM
		{1A395F38-1B2A-4605-80D7-8A25D9B21C2C}.Master|ARM.Build.0 = Master|ARM
		{1A395F38-1B2A-4605-80D7-8A25D9B21C2C}.Master|x64.ActiveCfg = Master|x64
		{1A395F38-1B2A-4605-80D7-8A25D9B21C2C}.Master|x64.Build.0 = Master|x64
		{1A395F38-1B2A-4605-80D7-8A25D9B21C2C}.Master|x86.ActiveCfg = Master|x86
		{1A395F38-1B2A-4605-80D7-8A25D9B21C2C}.Master|x86.Build.0 = Master|x86
		{1A395F38-1B2A-4605-80D7-8A25D9B21C2C}.Release|ARM.ActiveCfg = Release|ARM
		{1A395F38-1B2A-4605-80D7-8A25D9B21C2C}.Release|ARM.Build.0 = Release|ARM
		{1A395F38-1B2A-4605-80D7-8A25D9B21C2C}.Release|x64.ActiveCfg = Release|x64
		{1A395F38-1B2A-4605-80D7-8A25D9B21C2C}.Release|x64.Build.0 = Release|x64
		{1A395F38-1B2A-4605-80D7-8A25D9B21C2C}.Release|x86.ActiveCfg = Release|x86
		{1A395F38-1B2A-4605-80D7-8A25D9B21C2C}.Release|x86.Build.0 = Release|x86
		{1DA9382B-7604-4A84-8C2D-1B5C0AB418C8}.Debug|ARM.ActiveCfg = Debug|ARM
		{1DA9382B-7604-4A84-8C2D-1B5C0AB418C8}.Debug|ARM.Build.0 = Debug|ARM
		{1DA9382B-7604-4A84-8C2D-1B5C0AB418C8}.Debug|x64.ActiveCfg = Debug|x64
		{1DA9382B-7604-4A84-8C2D-1B5C0AB418C8}.Debug|x64.Build.0 = Debug|x64
		{1DA9382B-7604-4A84-8C2D-1B5C0AB418C8}.Debug|x86.ActiveCfg = Debug|x86
		{1DA9382B-7604-4A84-8C2D-1B5C0AB418C8}.Debug|x86.Build.0 = Debug|x86
		{1DA9382B-7604-4A84-8C2D-1B5C0AB418C8}.Master|ARM.ActiveCfg = Master|ARM
		{1DA9382B-7604-4A84-8C2D-1B5C0AB418C8}.Master|ARM.Build.0 = Master|ARM
		{1DA9382B-7604-4A84-8C2D-1B5C0AB418C8}.Master|x64.ActiveCfg = Master|x64
		{1DA9382B-7604-4A84-8C2D-1B5C0AB418C8}.Master|x64.Build.0 = Master|x64
		{1DA9382B-7604-4A84-8C2D-1B5C0AB418C8}.Master|x86.ActiveCfg = Master|x86
		{1DA9382B-7604-4A84-8C2D-1B5C0AB418C8}.Master|x86.Build.0 = Master|x86
		{1DA9382B-7604-4A84-8C2D-1B5C0AB418C8}.Release|ARM.ActiveCfg = Release|ARM
		{1DA9382B-7604-4A84-8C2D-1B5C0AB418C8}.Release|ARM.Build.0 = Release|ARM
		{1DA9382B-7604-4A84-8C2D-1B5C0AB418C8}.Release|x64.ActiveCfg = Release|x64
		{1DA9382B-7604-4A84-8C2D-1B5C0AB418C8}.Release|x64.Build.0 = Release|x64
		{1DA9382B-7604-4A84-8C2D-1B5C0AB418C8}.Release|x86.ActiveCfg = Release|x86
		{1DA9382B-7604-4A84-8C2D-1B5C0AB418C8}.Release|x86.Build.0 = Release|x86
		{ECA693C9-8898-487E-9202-E704E23E8D9C}.Debug|ARM.ActiveCfg = Debug|ARM
		{ECA693C9-8898-487E-9202-E704E23E8D9C}.Debug|ARM.Build.0 = Debug|ARM
		{ECA693C9-8898-487E-9202-E704E23E8D9C}.Debug|x64.ActiveCfg = Debug|x64
		{ECA693C9-8898-487E-9202-E704E23E8D9C}.Debug|x64.Build.0 = Debug|x64
		{ECA693C9-8898-487E-9202-E704E23E8D9C}.Debug|x86.ActiveCfg = Debug|x86
		{ECA693C9-8898-487E-9202-E704E23E8D9C}.Debug|x86.Build.0 = Debug|x86
		{ECA693C9-8898-487E-9202-E704E23E8D9C}.Master|ARM.ActiveCfg = Master|ARM
		{ECA693C9-8898-487E-9202-E704E23E8D9C}.Master|ARM.Build.0 = Master|ARM
		{ECA693C9-8898-487E-9202-E704E23E8D9C}.Master|x64.ActiveCfg = Master|x64
		{ECA693C9-8898-487E-9202-E704E23E8D9C}.Master|x64.Build.0 = Master|x64
		{ECA693C9-8898-487E-9202-E704E23E8D9C}.Master|x86.ActiveCfg = Master|x86
		{ECA693C9-8898-487E-9202-E704E23E8D9C}.Master|x86.Build.0 = Master|x86
		{ECA693C9-8898-487E-9202-E704E23E8D9C}.Release|ARM.ActiveCfg = Release|ARM
		{ECA693C9-8898-487E-9202-E704E23E8D9C}.Release|ARM.Build.0 = Release|ARM
		{ECA693C9-8898-487E-9202-E704E23E8D9C}.Release|x64.ActiveCfg = Release|x64
		{ECA693C9-8898-487E-9202-E704E23E8D9C}.Release|x64.Build.0 = Release|x64
		{ECA693C9-8898-487E-9202-E704E23E8D9C}.Release|x86.ActiveCfg = Release|x86
		{ECA693C9-8898-487E-9202-E704E23E8D9C}.Release|x86.Build.0 = Release|x86
		{73086AC0-854C-44BA-90C0-CB7406CCD6E5}.Debug|ARM.ActiveCfg = Debug|ARM
		{73086AC0-854C-44BA-90C0-CB7406CCD6E5}.Debug|ARM.Build.0 = Debug|ARM
		{73086AC0-854C-44BA-90C0-CB7406CCD6E5}.Debug|x64.ActiveCfg = Debug|x64
		{73086AC0-854C-44BA-90C0-CB7406CCD6E5}.Debug|x64.Build.0 = Debug|x64
		{73086AC0-854C-44BA-90C0-CB7406CCD6E5}.Debug|x86.ActiveCfg = Debug|x86
		{73086AC0-854C-44BA-90C0-CB7406CCD6E5}.Debug|x86.Build.0 = Debug|x86
		{73086AC0-854C-44BA-90C0-CB7406CCD6E5}.Master|ARM.ActiveCfg = Master|ARM
		{73086AC0-854C-44BA-90C0-CB7406CCD6E5}.Master|ARM.Build.0 = Master|ARM
		{73086AC0-854C-44BA-90C0-CB7406CCD6E5}.Master|x64.ActiveCfg = Master|x64
		{73086AC0-854C-44BA-90C0-CB7406CCD6E5}.Master|x64.Build.0 = Master|x64
		{73086AC0-854C-44BA-90C0-CB7406CCD6E5}.Master|x86.ActiveCfg = Master|x86
		{73086AC0-854C-44BA-90C0-CB7406CCD6E5}.Master|x86.Build.0 = Master|x86
		{73086AC0-854C-44BA-90C0-CB7406CCD6E5}.Release|ARM.ActiveCfg = Release|ARM
		{73086AC0-854C-44BA-90C0-CB7406CCD6E5}.Release|ARM.Build.0 = Release|ARM
		{73086AC0-854C-44BA-90C0-CB7406CCD6E5}.Release|x64.ActiveCfg = Release|x64
		{73086AC0-854C-44BA-90C0-CB7406CCD6E5}.Release|x64.Build.0 = Release|x64
		{73086AC0-854C-44BA-90C0-CB7406CCD6E5}.Release|x86.ActiveCfg = Release|x86
		{73086AC0-854C-44BA-90C0-CB7406CCD6E5}.Release|x86.Build.0 = Release|x86
		{824B0C8C-690A-446F-9D15-30942FD05616}.Debug|ARM.ActiveCfg = Debug|ARM
		{824B0C8C-690A-446F-9D15-30942FD05616}.Debug|ARM.Build.0 = Debug|ARM
		{824B0C8C-690A-446F-9D15-30942FD05616}.Debug|x64.ActiveCfg = Debug|x64
		{824B0C8C-690A-446F-9D15-30942FD05616}.Debug|x64.Build.0 = Debug|x64
		{824B0C8C-690A-446F-9D15-30942FD05616}.Debug|x86.ActiveCfg = Debug|x86
		{824B0C8C-690A-446F-9D15-30942FD05616}.Debug|x86.Build.0 = Debug|x86
		{824B0C8C-690A-446F-9D15-30942FD05616}.Master|ARM.ActiveCfg = Master|ARM
		{824B0C8C-690A-446F-9D15-30942FD05616}.Master|ARM.Build.0 = Master|ARM
		{824B0C8C-690A-446F-9D15-30942FD05616}.Master|x64.ActiveCfg = Master|x64
		{824B0C8C-690A-446F-9D15-30942FD05616}.Master|x64.Build.0 = Master|x64
		{824B0C8C-690A-446F-9D15-30942FD05616}.Master|x86.ActiveCfg = Master|x86
		{824B0C8C-690A-446F-9D15-30942FD05616}.Master|x86.Build.0 = Master|x86
		{824B0C8C-690A-446F-9D15-30942FD05616}.Release|ARM.ActiveCfg = Release|ARM
		{824B0C8C-690A-446F-9D15-30942FD05616}.Release|ARM.Build.0 = Release|ARM
		{824B0C8C-690A-446F-9D15-30942FD05616}.Release|x64.ActiveCfg = Release|x64
		{824B0C8C-690A-446F-9D15-30942FD05616}.Release|x64.Build.0 = Release|x64
		{824B0C8C-690A-446F-9D15-30942FD05616}.Release|x86.ActiveCfg = Release|x86
		{824B0C8C-690A-446F-9D15-30942FD05616}.Release|x86.Build.0 = Release|x86
		{F814CDEA-FF79-4621-A579-A49482C060EA}.Debug|ARM.ActiveCfg = Debug|ARM
		{F814CDEA-FF79-4621-A579-A49482C060EA}.Debug|ARM.Build.0 = Debug|ARM
		{F814CDEA-FF79-4621-A579-A49482C060EA}.Debug|x64.ActiveCfg = Debug|x64
		{F814CDEA-FF79-4621-A579-A49482C060EA}.Debug|x64.Build.0 = Debug|x64
		{F814CDEA-FF79-4621-A579-A49482C060EA}.Debug|x86.ActiveCfg = Debug|x86
		{F814CDEA-FF79-4621-A579-A49482C060EA}.Debug|x86.Build.0 = Debug|x86
		{F814CDEA-FF79-4621-A579-A49482C060EA}.Master|ARM.ActiveCfg = Master|ARM
		{F814CDEA-FF79-4621-A579-A49482C060EA}.Master|ARM.Build.0 = Master|ARM
		{F814CDEA-FF79-4621-A579-A49482C060EA}.Master|x64.ActiveCfg = Master|x64
		{F814CDEA-FF79-4621-A579-A49482C060EA}.Master|x64.Build.0 = Master|x64
		{F814CDEA-FF79-4621-A579-A49482C060EA}.Master|x86.ActiveCfg = Master|x86
		{F814CDEA-FF79-4621-A579-A49482C060EA}.Master|x86.Build.0 = Master|x86
		{F814CDEA-FF79-4621-A579-A49482C060EA}.Release|ARM.ActiveCfg = Release|ARM
		{F814CDEA-FF79-4621-A579-A49482C060EA}.Release|ARM.Build.0 = Release|ARM
		{F814CDEA-FF79-4621-A579-A49482C060EA}.Release|x64.ActiveCfg = Release|x64
		{F814CDEA-FF79-4621-A579-A49482C060EA}.Release|x64.Build.0 = Release|x64
		{F814CDEA-FF79-4621-A579-A49482C060EA}.Release|x86.ActiveCfg = Release|x86
		{F814CDEA-FF79-4621-A579-A49482C060EA}.Release|x86.Build.0 = Release|x86
		{AB550EC7-CA00-4B36-86FE-91A12F0339A1}.Debug|ARM.ActiveCfg = Debug|ARM
		{AB550EC7-CA00-4B36-86FE-91A12F0339A1}.Debug|ARM.Build.0 = Debug|ARM
		{AB550EC7-CA00-4B36-86FE-91A12F0339A1}.Debug|x64.ActiveCfg = Debug|x64
		{AB550EC7-CA00-4B36-86FE-91A12F0339A1}.Debug|x64.Build.0 = Debug|x64
		{AB550EC7-CA00-4B36-86FE-91A12F0339A1}.Debug|x86.ActiveCfg = Debug|x86
		{AB550EC7-CA00-4B36-86FE-91A12F0339A1}.Debug|x86.Build.0 = Debug|x86
		{AB550EC7-CA00-4B36-86FE-91A12F0339A1}.Master|ARM.ActiveCfg = Master|ARM
		{AB550EC7-CA00-4B36-86FE-91A12F0339A1}.Master|ARM.Build.0 = Master|ARM
		{AB550EC7-CA00-4B36-86FE-91A12F0339A1}.Master|x64.ActiveCfg = Master|x64
		{AB550EC7-CA00-4B36-86FE-91A12F0339A1}.Master|x64.Build.0 = Master|x64
		{AB550EC7-CA00-4B36-86FE-91A12F0339A1}.Master|x86.ActiveCfg = Master|x86
		{AB550EC7-CA00-4B36-86FE-91A12F0339A1}.Master|x86.Build.0 = Master|x86
		{AB550EC7-CA00-4B36-86FE-91A12F0339A1}.Release|ARM.ActiveCfg = Release|ARM
		{AB550EC7-CA00-4B36-86FE-91A12F0339A1}.Release|ARM.Build.0 = Release|ARM
		{AB550EC7-CA00-4B36-86FE-91A12F0339A1}.Release|x64.ActiveCfg = Release|x64
		{AB550EC7-CA00-4B36-86FE-91A12F0339A1}.Release|x64.Build.0 = Release|x64
		{AB550EC7-CA00-4B36-86FE-91A12F0339A1}.Release|x86.ActiveCfg = Release|x86
		{AB550EC7-CA00-4B36-86FE-91A12F0339A1}.Release|x86.Build.0 = Release|x86
		{6B276EE8-DFC8-48FF-B7E7-B5D5F6355370}.Debug|ARM.ActiveCfg = Debug|ARM
		{6B276EE8-DFC8-48FF-B7E7-B5D5F6355370}.Debug|ARM.Build.0 = Debug|ARM
		{6B276EE8-DFC8-48FF-B7E7-B5D5F6355370}.Debug|x64.ActiveCfg = Debug|x64
		{6B276EE8-DFC8-48FF-B7E7-B5D5F6355370}.Debug|x64.Build.0 = Debug|x64
		{6B276EE8-DFC8-48FF-B7E7-B5D5F6355370}.Debug|x86.ActiveCfg = Debug|x86
		{6B276EE8-DFC8-48FF-B7E7-B5D5F6355370}.Debug|x86.Build.0 = Debug|x86
		{6B276EE8-DFC8-48FF-B7E7-B5D5F6355370}.Master|ARM.ActiveCfg = Master|ARM
		{6B276EE8-DFC8-48FF-B7E7-B5D5F6355370}.Master|ARM.Build.0 = Master|ARM
		{6B276EE8-DFC8-48FF-B7E7-B5D5F6355370}.Master|x64.ActiveCfg = Master|x64
		{6B276EE8-DFC8-48FF-B7E7-B5D5F6355370}.Master|x64.Build.0 = Master|x64
		{6B276EE8-DFC8-48FF-B7E7-B5D5F6355370}.Master|x86.ActiveCfg = Master|x86
		{6B276EE8-DFC8-48FF-B7E7-B5D5F6355370}.Master|x86.Build.0 = Master|x86
		{6B276EE8-DFC8-48FF-B7E7-B5D5F6355370}.Release|ARM.ActiveCfg = Release|ARM
		{6B276EE8-DFC8-48FF-B7E7-B5D5F6355370}.Release|ARM.Build.0 = Release|ARM
		{6B276EE8-DFC8-48FF-B7E7-B5D5F6355370}.Release|x64.ActiveCfg = Release|x64
		{6B276EE8-DFC8-48FF-B7E7-B5D5F6355370}.Release|x64.Build.0 = Release|x64
		{6B276EE8-DFC8-48FF-B7E7-B5D5F6355370}.Release|x86.ActiveCfg = Release|x86
		{6B276EE8-DFC8-48FF-B7E7-B5D5F6355370}.Release|x86.Build.0 = Release|x86
		{50286C9B-8DE4-4DFD-9B02-8E499E7F72DB}.Debug|ARM.ActiveCfg = Debug|ARM
		{50286C9B-8DE4-4DFD-9B02-8E499E7F72DB}.Debug|ARM.Build.0 = Debug|ARM
		{50286C9B-8DE4-4DFD-9B02-8E499E7F72DB}.Debug|x64.ActiveCfg = Debug|x64
		{50286C9B-8DE4-4DFD-9B02-8E499E7F72DB}.Debug|x64.Build.0 = Debug|x64
		{50286C9B-8DE4-4DFD-9B02-8E499E7F72DB}.Debug|x86.ActiveCfg = Debug|x86
		{50286C9B-8DE4-4DFD-9B02-8E499E7F72DB}.Debug|x86.Build.0 = Debug|x86
		{50286C9B-8DE4-4DFD-9B02-8E499E7F72DB}.Master|ARM.ActiveCfg = Master|ARM
		{50286C9B-8DE4-4DFD-9B02-8E499E7F72DB}.Master|ARM.Build.0 = Master|ARM
		{50286C9B-8DE4-4DFD-9B02-8E499E7F72DB}.Master|x64.ActiveCfg = Master|x64
		{50286C9B-8DE4-4DFD-9B02-8E499E7F72DB}.Master|x64.Build.0 = Master|x64
		{50286C9B-8DE4-4DFD-9B02-8E499E7F72DB}.Master|x86.ActiveCfg = Master|x86
		{50286C9B-8DE4-4DFD-9B02-8E499E7F72DB}.Master|x86.Build.0 = Master|x86
		{50286C9B-8DE4-4DFD-9B02-8E499E7F72DB}.Release|ARM.ActiveCfg = Release|ARM
		{50286C9B-8DE4-4DFD-9B02-8E499E7F72DB}.Release|ARM.Build.0 = Release|ARM
		{50286C9B-8DE4-4DFD-9B02-8E499E7F72DB}.Release|x64.ActiveCfg = Release|x64
		{50286C9B-8DE4-4DFD-9B02-8E499E7F72DB}.Release|x64.Build.0 = Release|x64
		{50286C9B-8DE4-4DFD-9B02-8E499E7F72DB}.Release|x86.ActiveCfg = Release|x86
		{50286C9B-8DE4-4DFD-9B02-8E499E7F72DB}.Release|x86.Build.0 = Release|x86
		{9820FEBC-F7E2-4F18-80E2-3A97C67F3E70}.Debug|ARM.ActiveCfg = Debug|ARM
		{9820FEBC-F7E2-4F18-80E2-3A97C67F3E70}.Debug|ARM.Build.0 = Debug|ARM
		{9820FEBC-F7E2-4F18-80E2-3A97C67F3E70}.Debug|x64.ActiveCfg = Debug|x64
		{9820FEBC-F7E2-4F18-80E2-3A97C67F3E70}.Debug|x64.Build.0 = Debug|x64
		{9820FEBC-F7E2-4F18-80E2-3A97C67F3E70}.Debug|x86.ActiveCfg = Debug|x86
		{9820FEBC-F7E2-4F18-80E2-3A97C67F3E70}.Debug|x86.Build.0 = Debug|x86
		{9820FEBC-F7E2-4F18-80E2-3A97C67F3E70}.Master|ARM.ActiveCfg = Master|ARM
		{9820FEBC-F7E2-4F18-80E2-3A97C67F3E70}.Master|ARM.Build.0 = Master|ARM
		{9820FEBC-F7E2-4F18-80E2-3A97C67F3E70}.Master|x64.ActiveCfg = Master|x64
		{9820FEBC-F7E2-4F18-80E2-3A97C67F3E70}.Master|x64.Build.0 = Master|x64
		{9820FEBC-F7E2-4F18-80E2-3A97C67F3E70}.Master|x86.ActiveCfg = Master|x86
		{9820FEBC-F7E2-4F18-80E2-3A97C67F3E70}.Master|x86.Build.0 = Master|x86
		{9820FEBC-F7E2-4F18-80E2-3A97C67F3E70}.Release|ARM.ActiveCfg = Release|ARM
		{9820FEBC-F7E2-4F18-80E2-3A97C67F3E70}.Release|ARM.Build.0 = Release|ARM
		{9820FEBC-F7E2-4F18-80E2-3A97C67F3E70}.Release|x64.ActiveCfg = Release|x64
		{9820FEBC-F7E2-4F18-80E2-3A97C67F3E70}.Release|x64.Build.0 = Release|x64
		{9820FEBC-F7E2-4F18-80E2-3A97C67F3E70}.Release|x86.ActiveCfg = Release|x86
		{9820FEBC-F7E2-4F18-80E2-3A97C67F3E70}.Release|x86.Build.0 = Release|x86
		{69A3DC62-DBA0-458B-A800-1387AD9B5DB4}.Debug|ARM.ActiveCfg = Debug|ARM
		{69A3DC62-DBA0-458B-A800-1387AD9B5DB4}.Debug|ARM.Build.0 = Debug|ARM
		{69A3DC62-DBA0-458B-A800-1387AD9B5DB4}.Debug|x64.ActiveCfg = Debug|x64
		{69A3DC62-DBA0-458B-A800-1387AD9B5DB4}.Debug|x64.Build.0 = Debug|x64
		{69A3DC62-DBA0-458B-A800-1387AD9B5DB4}.Debug|x86.ActiveCfg = Debug|x86
		{69A3DC62-DBA0-458B-A800-1387AD9B5DB4}.Debug|x86.Build.0 = Debug|x86
		{69A3DC62-DBA0-458B-A800-1387AD9B5DB4}.Master|ARM.ActiveCfg = Master|ARM
		{69A3DC62-DBA0-458B-A800-1387AD9B5DB4}.Master|ARM.Build.0 = Master|ARM
		{69A3DC62-DBA0-458B-A800-1387AD9B5DB4}.Master|x64.ActiveCfg = Master|x64
		{69A3DC62-DBA0-458B-A800-1387AD9B5DB4}.Master|x64.Build.0 = Master|x64
		{69A3DC62-DBA0-458B-A800-1387AD9B5DB4}.Master|x86.ActiveCfg = Master|x86
		{69A3DC62-DBA0-458B-A800-1387AD9B5DB4}.Master|x86.Build.0 = Master|x86
		{69A3DC62-DBA0-458B-A800-1387AD9B5DB4}.Release|ARM.ActiveCfg = Release|ARM
		{69A3DC62-DBA0-458B-A800-1387AD9B5DB4}.Release|ARM.Build.0 = Release|ARM
		{69A3DC62-DBA0-458B-A800-1387AD9B5DB4}.Release|x64.ActiveCfg = Release|x64
		{69A3DC62-DBA0-458B-A800-1387AD9B5DB4}.Release|x64.Build.0 = Release|x64
		{69A3DC62-DBA0-458B-A800-1387AD9B5DB4}.Release|x86.ActiveCfg = Release|x86
		{69A3DC62-DBA0-458B-A800-1387AD9B5DB4}.Release|x86.Build.0 = Release|x86
		{28EABAA0-5BC0-4DE4-A748-6A96F819AE3C}.Debug|ARM.ActiveCfg = Debug|ARM
		{28EABAA0-5BC0-4DE4-A748-6A96F819AE3C}.Debug|ARM.Build.0 = Debug|ARM
		{28EABAA0-5BC0-4DE4-A748-6A96F819AE3C}.Debug|x64.ActiveCfg = Debug|x64
		{28EABAA0-5BC0-4DE4-A748-6A96F819AE3C}.Debug|x64.Build.0 = Debug|x64
		{28EABAA0-5BC0-4DE4-A748-6A96F819AE3C}.Debug|x86.ActiveCfg = Debug|x86
		{28EABAA0-5BC0-4DE4-A748-6A96F819AE3C}.Debug|x86.Build.0 = Debug|x86
		{28EABAA0-5BC0-4DE4-A748-6A96F819AE3C}.Master|ARM.ActiveCfg = Master|ARM
		{28EABAA0-5BC0-4DE4-A748-6A96F819AE3C}.Master|ARM.Build.0 = Master|ARM
		{28EABAA0-5BC0-4DE4-A748-6A96F819AE3C}.Master|x64.ActiveCfg = Master|x64
		{28EABAA0-5BC0-4DE4-A748-6A96F819AE3C}.Master|x64.Build.0 = Master|x64
		{28EABAA0-5BC0-4DE4-A748-6A96F819AE3C}.Master|x86.ActiveCfg = Master|x86
		{28EABAA0-5BC0-4DE4-A748-6A96F819AE3C}.Master|x86.Build.0 = Master|x86
		{28EABAA0-5BC0-4DE4-A748-6A96F819AE3C}.Release|ARM.ActiveCfg = Release|ARM
		{28EABAA0-5BC0-4DE4-A748-6A96F819AE3C}.Release|ARM.Build.0 = Release|ARM
		{28EABAA0-5BC0-4DE4-A748-6A96F819AE3C}.Release|x64.ActiveCfg = Release|x64
		{28EABAA0-5BC0-4DE4-A748-6A96F819AE3C}.Release|x64.Build.0 = Release|x64
		{28EABAA0-5BC0-4DE4-A748-6A96F819AE3C}.Release|x86.ActiveCfg = Release|x86
		{28EABAA0-5BC0-4DE4-A748-6A96F819AE3C}.Release|x86.Build.0 = Release|x86
		{BF78125F-0BAE-455F-B3A0-8B03DE8D9033}.Debug|ARM.ActiveCfg = Debug|ARM
		{BF78125F-0BAE-455F-B3A0-8B03DE8D9033}.Debug|ARM.Build.0 = Debug|ARM
		{BF78125F-0BAE-455F-B3A0-8B03DE8D9033}.Debug|x64.ActiveCfg = Debug|x64
		{BF78125F-0BAE-455F-B3A0-8B03DE8D9033}.Debug|x64.Build.0 = Debug|x64
		{BF78125F-0BAE-455F-B3A0-8B03DE8D9033}.Debug|x86.ActiveCfg = Debug|x86
		{BF78125F-0BAE-455F-B3A0-8B03DE8D9033}.Debug|x86.Build.0 = Debug|x86
		{BF78125F-0BAE-455F-B3A0-8B03DE8D9033}.Master|ARM.ActiveCfg = Master|ARM
		{BF78125F-0BAE-455F-B3A0-8B03DE8D9033}.Master|ARM.Build.0 = Master|ARM
		{BF78125F-0BAE-455F-B3A0-8B03DE8D9033}.Master|x64.ActiveCfg = Master|x64
		{BF78125F-0BAE-455F-B3A0-8B03DE8D9033}.Master|x64.Build.0 = Master|x64
		{BF78125F-0BAE-455F-B3A0-8B03DE8D9033}.Master|x86.ActiveCfg = Master|x86
		{BF78125F-0BAE-455F-B3A0-8B03DE8D9033}.Master|x86.Build.0 = Master|x86
		{BF78125F-0BAE-455F-B3A0-8B03DE8D9033}.Release|ARM.ActiveCfg = Release|ARM
		{BF78125F-0BAE-455F-B3A0-8B03DE8D9033}.Release|ARM.Build.0 = Release|ARM
		{BF78125F-0BAE-455F-B3A0-8B03DE8D9033}.Release|x64.ActiveCfg = Release|x64
		{BF78125F-0BAE-455F-B3A0-8B03DE8D9033}.Release|x64.Build.0 = Release|x64
		{BF78125F-0BAE-455F-B3A0-8B03DE8D9033}.Release|x86.ActiveCfg = Release|x86
		{BF78125F-0BAE-455F-B3A0-8B03DE8D9033}.Release|x86.Build.0 = Release|x86
	EndGlobalSection
	GlobalSection(SolutionProperties) = preSolution
		HideSolutionNode = FALSE
	EndGlobalSection
	GlobalSection(ExtensibilityGlobals) = postSolution
		SolutionGuid = {8E712C4A-87A8-47FC-8F28-E71579CF6A95}
	EndGlobalSection
EndGlobal
